// !$*UTF8*$!
{
	archiveVersion = 1;
	classes = {
	};
	objectVersion = 56;
	objects = {

/* Begin PBXBuildFile section */
		C05791CE2C8781E800BBB870 /* AppDelegate.swift in Sources */ = {isa = PBXBuildFile; fileRef = C05791CD2C8781E800BBB870 /* AppDelegate.swift */; };
		C05791D02C8781E800BBB870 /* SceneDelegate.swift in Sources */ = {isa = PBXBuildFile; fileRef = C05791CF2C8781E800BBB870 /* SceneDelegate.swift */; };
		C05791D22C8781E800BBB870 /* SWHomeViewController.swift in Sources */ = {isa = PBXBuildFile; fileRef = C05791D12C8781E800BBB870 /* SWHomeViewController.swift */; };
		C05791D72C8781EA00BBB870 /* Assets.xcassets in Resources */ = {isa = PBXBuildFile; fileRef = C05791D62C8781EA00BBB870 /* Assets.xcassets */; };
		C05791DA2C8781EA00BBB870 /* Base in Resources */ = {isa = PBXBuildFile; fileRef = C05791D92C8781EA00BBB870 /* Base */; };
		C05791E82C87838400BBB870 /* Coordinator.swift in Sources */ = {isa = PBXBuildFile; fileRef = C05791E72C87838400BBB870 /* Coordinator.swift */; };
		C05791EC2C87864B00BBB870 /* SWPeopleViewController.swift in Sources */ = {isa = PBXBuildFile; fileRef = C05791EB2C87864B00BBB870 /* SWPeopleViewController.swift */; };
		C05791EE2C87868500BBB870 /* SWPeopleView.swift in Sources */ = {isa = PBXBuildFile; fileRef = C05791ED2C87868500BBB870 /* SWPeopleView.swift */; };
		C05791F22C878BB600BBB870 /* SWPlanetsViewController.swift in Sources */ = {isa = PBXBuildFile; fileRef = C05791F12C878BB600BBB870 /* SWPlanetsViewController.swift */; };
		C05791F42C878C2600BBB870 /* SWPlanetsView.swift in Sources */ = {isa = PBXBuildFile; fileRef = C05791F32C878C2600BBB870 /* SWPlanetsView.swift */; };
/* End PBXBuildFile section */

/* Begin PBXFileReference section */
		C05791CA2C8781E800BBB870 /* StarWarsCompleteProject.app */ = {isa = PBXFileReference; explicitFileType = wrapper.application; includeInIndex = 0; path = StarWarsCompleteProject.app; sourceTree = BUILT_PRODUCTS_DIR; };
		C05791CD2C8781E800BBB870 /* AppDelegate.swift */ = {isa = PBXFileReference; lastKnownFileType = sourcecode.swift; path = AppDelegate.swift; sourceTree = "<group>"; };
		C05791CF2C8781E800BBB870 /* SceneDelegate.swift */ = {isa = PBXFileReference; lastKnownFileType = sourcecode.swift; path = SceneDelegate.swift; sourceTree = "<group>"; };
		C05791D12C8781E800BBB870 /* SWHomeViewController.swift */ = {isa = PBXFileReference; lastKnownFileType = sourcecode.swift; path = SWHomeViewController.swift; sourceTree = "<group>"; };
		C05791D62C8781EA00BBB870 /* Assets.xcassets */ = {isa = PBXFileReference; lastKnownFileType = folder.assetcatalog; path = Assets.xcassets; sourceTree = "<group>"; };
		C05791D92C8781EA00BBB870 /* Base */ = {isa = PBXFileReference; lastKnownFileType = file.storyboard; name = Base; path = Base.lproj/LaunchScreen.storyboard; sourceTree = "<group>"; };
		C05791DB2C8781EA00BBB870 /* Info.plist */ = {isa = PBXFileReference; lastKnownFileType = text.plist.xml; path = Info.plist; sourceTree = "<group>"; };
		C05791E72C87838400BBB870 /* Coordinator.swift */ = {isa = PBXFileReference; lastKnownFileType = sourcecode.swift; path = Coordinator.swift; sourceTree = "<group>"; };
		C05791EB2C87864B00BBB870 /* SWPeopleViewController.swift */ = {isa = PBXFileReference; lastKnownFileType = sourcecode.swift; path = SWPeopleViewController.swift; sourceTree = "<group>"; };
		C05791ED2C87868500BBB870 /* SWPeopleView.swift */ = {isa = PBXFileReference; lastKnownFileType = sourcecode.swift; path = SWPeopleView.swift; sourceTree = "<group>"; };
		C05791F12C878BB600BBB870 /* SWPlanetsViewController.swift */ = {isa = PBXFileReference; lastKnownFileType = sourcecode.swift; path = SWPlanetsViewController.swift; sourceTree = "<group>"; };
		C05791F32C878C2600BBB870 /* SWPlanetsView.swift */ = {isa = PBXFileReference; lastKnownFileType = sourcecode.swift; path = SWPlanetsView.swift; sourceTree = "<group>"; };
/* End PBXFileReference section */

/* Begin PBXFrameworksBuildPhase section */
		C05791C72C8781E800BBB870 /* Frameworks */ = {
			isa = PBXFrameworksBuildPhase;
			buildActionMask = 2147483647;
			files = (
			);
			runOnlyForDeploymentPostprocessing = 0;
		};
/* End PBXFrameworksBuildPhase section */

/* Begin PBXGroup section */
		C05791C12C8781E800BBB870 = {
			isa = PBXGroup;
			children = (
				C05791CC2C8781E800BBB870 /* StarWarsCompleteProject */,
				C05791CB2C8781E800BBB870 /* Products */,
			);
			sourceTree = "<group>";
		};
		C05791CB2C8781E800BBB870 /* Products */ = {
			isa = PBXGroup;
			children = (
				C05791CA2C8781E800BBB870 /* StarWarsCompleteProject.app */,
			);
			name = Products;
			sourceTree = "<group>";
		};
		C05791CC2C8781E800BBB870 /* StarWarsCompleteProject */ = {
			isa = PBXGroup;
			children = (
				C05791E12C87822A00BBB870 /* Resources */,
				C05791E22C87824500BBB870 /* Sources */,
				C05791DB2C8781EA00BBB870 /* Info.plist */,
			);
			path = StarWarsCompleteProject;
			sourceTree = "<group>";
		};
		C05791E12C87822A00BBB870 /* Resources */ = {
			isa = PBXGroup;
			children = (
				C05791CF2C8781E800BBB870 /* SceneDelegate.swift */,
				C05791CD2C8781E800BBB870 /* AppDelegate.swift */,
				C05791D62C8781EA00BBB870 /* Assets.xcassets */,
				C05791D82C8781EA00BBB870 /* LaunchScreen.storyboard */,
			);
			path = Resources;
			sourceTree = "<group>";
		};
		C05791E22C87824500BBB870 /* Sources */ = {
			isa = PBXGroup;
			children = (
				C05791E62C87837600BBB870 /* Coordinator */,
				C05791E32C87825600BBB870 /* Controllers */,
			);
			path = Sources;
			sourceTree = "<group>";
		};
		C05791E32C87825600BBB870 /* Controllers */ = {
			isa = PBXGroup;
			children = (
				C05791EF2C878B9700BBB870 /* SWPlanets */,
				C05791E92C87860C00BBB870 /* SWPeople */,
				C05791E42C87825E00BBB870 /* SWHome */,
			);
			path = Controllers;
			sourceTree = "<group>";
		};
		C05791E42C87825E00BBB870 /* SWHome */ = {
			isa = PBXGroup;
			children = (
				C05791E52C87827200BBB870 /* View */,
			);
			path = SWHome;
			sourceTree = "<group>";
		};
		C05791E52C87827200BBB870 /* View */ = {
			isa = PBXGroup;
			children = (
				C05791D12C8781E800BBB870 /* SWHomeViewController.swift */,
			);
			path = View;
			sourceTree = "<group>";
		};
		C05791E62C87837600BBB870 /* Coordinator */ = {
			isa = PBXGroup;
			children = (
				C05791E72C87838400BBB870 /* Coordinator.swift */,
			);
			path = Coordinator;
			sourceTree = "<group>";
		};
		C05791E92C87860C00BBB870 /* SWPeople */ = {
			isa = PBXGroup;
			children = (
				C05791EA2C87862600BBB870 /* View */,
			);
			path = SWPeople;
			sourceTree = "<group>";
		};
		C05791EA2C87862600BBB870 /* View */ = {
			isa = PBXGroup;
			children = (
				C05791ED2C87868500BBB870 /* SWPeopleView.swift */,
				C05791EB2C87864B00BBB870 /* SWPeopleViewController.swift */,
			);
			path = View;
			sourceTree = "<group>";
		};
		C05791EF2C878B9700BBB870 /* SWPlanets */ = {
			isa = PBXGroup;
			children = (
				C05791F02C878BA800BBB870 /* View */,
			);
			path = SWPlanets;
			sourceTree = "<group>";
		};
		C05791F02C878BA800BBB870 /* View */ = {
			isa = PBXGroup;
			children = (
				C05791F32C878C2600BBB870 /* SWPlanetsView.swift */,
				C05791F12C878BB600BBB870 /* SWPlanetsViewController.swift */,
			);
			path = View;
			sourceTree = "<group>";
		};
/* End PBXGroup section */

/* Begin PBXNativeTarget section */
		C05791C92C8781E800BBB870 /* StarWarsCompleteProject */ = {
			isa = PBXNativeTarget;
			buildConfigurationList = C05791DE2C8781EA00BBB870 /* Build configuration list for PBXNativeTarget "StarWarsCompleteProject" */;
			buildPhases = (
				C05791C62C8781E800BBB870 /* Sources */,
				C05791C72C8781E800BBB870 /* Frameworks */,
				C05791C82C8781E800BBB870 /* Resources */,
			);
			buildRules = (
			);
			dependencies = (
			);
			name = StarWarsCompleteProject;
			productName = StarWarsCompleteProject;
			productReference = C05791CA2C8781E800BBB870 /* StarWarsCompleteProject.app */;
			productType = "com.apple.product-type.application";
		};
/* End PBXNativeTarget section */

/* Begin PBXProject section */
		C05791C22C8781E800BBB870 /* Project object */ = {
			isa = PBXProject;
			attributes = {
				BuildIndependentTargetsInParallel = 1;
				LastSwiftUpdateCheck = 1540;
				LastUpgradeCheck = 1540;
				TargetAttributes = {
					C05791C92C8781E800BBB870 = {
						CreatedOnToolsVersion = 15.4;
					};
				};
			};
			buildConfigurationList = C05791C52C8781E800BBB870 /* Build configuration list for PBXProject "StarWarsCompleteProject" */;
			compatibilityVersion = "Xcode 14.0";
			developmentRegion = en;
			hasScannedForEncodings = 0;
			knownRegions = (
				en,
				Base,
			);
			mainGroup = C05791C12C8781E800BBB870;
			productRefGroup = C05791CB2C8781E800BBB870 /* Products */;
			projectDirPath = "";
			projectRoot = "";
			targets = (
				C05791C92C8781E800BBB870 /* StarWarsCompleteProject */,
			);
		};
/* End PBXProject section */

/* Begin PBXResourcesBuildPhase section */
		C05791C82C8781E800BBB870 /* Resources */ = {
			isa = PBXResourcesBuildPhase;
			buildActionMask = 2147483647;
			files = (
				C05791D72C8781EA00BBB870 /* Assets.xcassets in Resources */,
				C05791DA2C8781EA00BBB870 /* Base in Resources */,
			);
			runOnlyForDeploymentPostprocessing = 0;
		};
/* End PBXResourcesBuildPhase section */

/* Begin PBXSourcesBuildPhase section */
		C05791C62C8781E800BBB870 /* Sources */ = {
			isa = PBXSourcesBuildPhase;
			buildActionMask = 2147483647;
			files = (
				C05791E82C87838400BBB870 /* Coordinator.swift in Sources */,
				C05791EE2C87868500BBB870 /* SWPeopleView.swift in Sources */,
				C05791F42C878C2600BBB870 /* SWPlanetsView.swift in Sources */,
				C05791D22C8781E800BBB870 /* SWHomeViewController.swift in Sources */,
				C05791EC2C87864B00BBB870 /* SWPeopleViewController.swift in Sources */,
				C05791F22C878BB600BBB870 /* SWPlanetsViewController.swift in Sources */,
				C05791CE2C8781E800BBB870 /* AppDelegate.swift in Sources */,
				C05791D02C8781E800BBB870 /* SceneDelegate.swift in Sources */,
			);
			runOnlyForDeploymentPostprocessing = 0;
		};
/* End PBXSourcesBuildPhase section */

/* Begin PBXVariantGroup section */
		C05791D82C8781EA00BBB870 /* LaunchScreen.storyboard */ = {
			isa = PBXVariantGroup;
			children = (
				C05791D92C8781EA00BBB870 /* Base */,
			);
			name = LaunchScreen.storyboard;
			sourceTree = "<group>";
		};
/* End PBXVariantGroup section */

/* Begin XCBuildConfiguration section */
		C05791DC2C8781EA00BBB870 /* Debug */ = {
			isa = XCBuildConfiguration;
			buildSettings = {
				ALWAYS_SEARCH_USER_PATHS = NO;
				ASSETCATALOG_COMPILER_GENERATE_SWIFT_ASSET_SYMBOL_EXTENSIONS = YES;
				CLANG_ANALYZER_NONNULL = YES;
				CLANG_ANALYZER_NUMBER_OBJECT_CONVERSION = YES_AGGRESSIVE;
				CLANG_CXX_LANGUAGE_STANDARD = "gnu++20";
				CLANG_ENABLE_MODULES = YES;
				CLANG_ENABLE_OBJC_ARC = YES;
				CLANG_ENABLE_OBJC_WEAK = YES;
				CLANG_WARN_BLOCK_CAPTURE_AUTORELEASING = YES;
				CLANG_WARN_BOOL_CONVERSION = YES;
				CLANG_WARN_COMMA = YES;
				CLANG_WARN_CONSTANT_CONVERSION = YES;
				CLANG_WARN_DEPRECATED_OBJC_IMPLEMENTATIONS = YES;
				CLANG_WARN_DIRECT_OBJC_ISA_USAGE = YES_ERROR;
				CLANG_WARN_DOCUMENTATION_COMMENTS = YES;
				CLANG_WARN_EMPTY_BODY = YES;
				CLANG_WARN_ENUM_CONVERSION = YES;
				CLANG_WARN_INFINITE_RECURSION = YES;
				CLANG_WARN_INT_CONVERSION = YES;
				CLANG_WARN_NON_LITERAL_NULL_CONVERSION = YES;
				CLANG_WARN_OBJC_IMPLICIT_RETAIN_SELF = YES;
				CLANG_WARN_OBJC_LITERAL_CONVERSION = YES;
				CLANG_WARN_OBJC_ROOT_CLASS = YES_ERROR;
				CLANG_WARN_QUOTED_INCLUDE_IN_FRAMEWORK_HEADER = YES;
				CLANG_WARN_RANGE_LOOP_ANALYSIS = YES;
				CLANG_WARN_STRICT_PROTOTYPES = YES;
				CLANG_WARN_SUSPICIOUS_MOVE = YES;
				CLANG_WARN_UNGUARDED_AVAILABILITY = YES_AGGRESSIVE;
				CLANG_WARN_UNREACHABLE_CODE = YES;
				CLANG_WARN__DUPLICATE_METHOD_MATCH = YES;
				COPY_PHASE_STRIP = NO;
				DEBUG_INFORMATION_FORMAT = dwarf;
				ENABLE_STRICT_OBJC_MSGSEND = YES;
				ENABLE_TESTABILITY = YES;
				ENABLE_USER_SCRIPT_SANDBOXING = YES;
				GCC_C_LANGUAGE_STANDARD = gnu17;
				GCC_DYNAMIC_NO_PIC = NO;
				GCC_NO_COMMON_BLOCKS = YES;
				GCC_OPTIMIZATION_LEVEL = 0;
				GCC_PREPROCESSOR_DEFINITIONS = (
					"DEBUG=1",
					"$(inherited)",
				);
				GCC_WARN_64_TO_32_BIT_CONVERSION = YES;
				GCC_WARN_ABOUT_RETURN_TYPE = YES_ERROR;
				GCC_WARN_UNDECLARED_SELECTOR = YES;
				GCC_WARN_UNINITIALIZED_AUTOS = YES_AGGRESSIVE;
				GCC_WARN_UNUSED_FUNCTION = YES;
				GCC_WARN_UNUSED_VARIABLE = YES;
				IPHONEOS_DEPLOYMENT_TARGET = 17.5;
				LOCALIZATION_PREFERS_STRING_CATALOGS = YES;
				MTL_ENABLE_DEBUG_INFO = INCLUDE_SOURCE;
				MTL_FAST_MATH = YES;
				ONLY_ACTIVE_ARCH = YES;
				SDKROOT = iphoneos;
				SWIFT_ACTIVE_COMPILATION_CONDITIONS = "DEBUG $(inherited)";
				SWIFT_OPTIMIZATION_LEVEL = "-Onone";
			};
			name = Debug;
		};
		C05791DD2C8781EA00BBB870 /* Release */ = {
			isa = XCBuildConfiguration;
			buildSettings = {
				ALWAYS_SEARCH_USER_PATHS = NO;
				ASSETCATALOG_COMPILER_GENERATE_SWIFT_ASSET_SYMBOL_EXTENSIONS = YES;
				CLANG_ANALYZER_NONNULL = YES;
				CLANG_ANALYZER_NUMBER_OBJECT_CONVERSION = YES_AGGRESSIVE;
				CLANG_CXX_LANGUAGE_STANDARD = "gnu++20";
				CLANG_ENABLE_MODULES = YES;
				CLANG_ENABLE_OBJC_ARC = YES;
				CLANG_ENABLE_OBJC_WEAK = YES;
				CLANG_WARN_BLOCK_CAPTURE_AUTORELEASING = YES;
				CLANG_WARN_BOOL_CONVERSION = YES;
				CLANG_WARN_COMMA = YES;
				CLANG_WARN_CONSTANT_CONVERSION = YES;
				CLANG_WARN_DEPRECATED_OBJC_IMPLEMENTATIONS = YES;
				CLANG_WARN_DIRECT_OBJC_ISA_USAGE = YES_ERROR;
				CLANG_WARN_DOCUMENTATION_COMMENTS = YES;
				CLANG_WARN_EMPTY_BODY = YES;
				CLANG_WARN_ENUM_CONVERSION = YES;
				CLANG_WARN_INFINITE_RECURSION = YES;
				CLANG_WARN_INT_CONVERSION = YES;
				CLANG_WARN_NON_LITERAL_NULL_CONVERSION = YES;
				CLANG_WARN_OBJC_IMPLICIT_RETAIN_SELF = YES;
				CLANG_WARN_OBJC_LITERAL_CONVERSION = YES;
				CLANG_WARN_OBJC_ROOT_CLASS = YES_ERROR;
				CLANG_WARN_QUOTED_INCLUDE_IN_FRAMEWORK_HEADER = YES;
				CLANG_WARN_RANGE_LOOP_ANALYSIS = YES;
				CLANG_WARN_STRICT_PROTOTYPES = YES;
				CLANG_WARN_SUSPICIOUS_MOVE = YES;
				CLANG_WARN_UNGUARDED_AVAILABILITY = YES_AGGRESSIVE;
				CLANG_WARN_UNREACHABLE_CODE = YES;
				CLANG_WARN__DUPLICATE_METHOD_MATCH = YES;
				COPY_PHASE_STRIP = NO;
				DEBUG_INFORMATION_FORMAT = "dwarf-with-dsym";
				ENABLE_NS_ASSERTIONS = NO;
				ENABLE_STRICT_OBJC_MSGSEND = YES;
				ENABLE_USER_SCRIPT_SANDBOXING = YES;
				GCC_C_LANGUAGE_STANDARD = gnu17;
				GCC_NO_COMMON_BLOCKS = YES;
				GCC_WARN_64_TO_32_BIT_CONVERSION = YES;
				GCC_WARN_ABOUT_RETURN_TYPE = YES_ERROR;
				GCC_WARN_UNDECLARED_SELECTOR = YES;
				GCC_WARN_UNINITIALIZED_AUTOS = YES_AGGRESSIVE;
				GCC_WARN_UNUSED_FUNCTION = YES;
				GCC_WARN_UNUSED_VARIABLE = YES;
				IPHONEOS_DEPLOYMENT_TARGET = 17.5;
				LOCALIZATION_PREFERS_STRING_CATALOGS = YES;
				MTL_ENABLE_DEBUG_INFO = NO;
				MTL_FAST_MATH = YES;
				SDKROOT = iphoneos;
				SWIFT_COMPILATION_MODE = wholemodule;
				VALIDATE_PRODUCT = YES;
			};
			name = Release;
		};
		C05791DF2C8781EA00BBB870 /* Debug */ = {
			isa = XCBuildConfiguration;
			buildSettings = {
				ASSETCATALOG_COMPILER_APPICON_NAME = AppIcon;
				ASSETCATALOG_COMPILER_GLOBAL_ACCENT_COLOR_NAME = AccentColor;
				CODE_SIGN_STYLE = Automatic;
				CURRENT_PROJECT_VERSION = 1;
				GENERATE_INFOPLIST_FILE = YES;
				INFOPLIST_FILE = StarWarsCompleteProject/Info.plist;
				INFOPLIST_KEY_UIApplicationSupportsIndirectInputEvents = YES;
				INFOPLIST_KEY_UILaunchStoryboardName = LaunchScreen;
				INFOPLIST_KEY_UISupportedInterfaceOrientations_iPad = "UIInterfaceOrientationPortrait UIInterfaceOrientationPortraitUpsideDown UIInterfaceOrientationLandscapeLeft UIInterfaceOrientationLandscapeRight";
				INFOPLIST_KEY_UISupportedInterfaceOrientations_iPhone = "UIInterfaceOrientationPortrait UIInterfaceOrientationLandscapeLeft UIInterfaceOrientationLandscapeRight";
				LD_RUNPATH_SEARCH_PATHS = (
					"$(inherited)",
					"@executable_path/Frameworks",
				);
				MARKETING_VERSION = 1.0;
				PRODUCT_BUNDLE_IDENTIFIER = rogeriomartins.StarWarsCompleteProject;
				PRODUCT_NAME = "$(TARGET_NAME)";
				SWIFT_EMIT_LOC_STRINGS = YES;
				SWIFT_VERSION = 5.0;
				TARGETED_DEVICE_FAMILY = "1,2";
			};
			name = Debug;
		};
		C05791E02C8781EA00BBB870 /* Release */ = {
			isa = XCBuildConfiguration;
			buildSettings = {
				ASSETCATALOG_COMPILER_APPICON_NAME = AppIcon;
				ASSETCATALOG_COMPILER_GLOBAL_ACCENT_COLOR_NAME = AccentColor;
				CODE_SIGN_STYLE = Automatic;
				CURRENT_PROJECT_VERSION = 1;
				GENERATE_INFOPLIST_FILE = YES;
				INFOPLIST_FILE = StarWarsCompleteProject/Info.plist;
				INFOPLIST_KEY_UIApplicationSupportsIndirectInputEvents = YES;
				INFOPLIST_KEY_UILaunchStoryboardName = LaunchScreen;
				INFOPLIST_KEY_UISupportedInterfaceOrientations_iPad = "UIInterfaceOrientationPortrait UIInterfaceOrientationPortraitUpsideDown UIInterfaceOrientationLandscapeLeft UIInterfaceOrientationLandscapeRight";
				INFOPLIST_KEY_UISupportedInterfaceOrientations_iPhone = "UIInterfaceOrientationPortrait UIInterfaceOrientationLandscapeLeft UIInterfaceOrientationLandscapeRight";
				LD_RUNPATH_SEARCH_PATHS = (
					"$(inherited)",
					"@executable_path/Frameworks",
				);
				MARKETING_VERSION = 1.0;
				PRODUCT_BUNDLE_IDENTIFIER = rogeriomartins.StarWarsCompleteProject;
				PRODUCT_NAME = "$(TARGET_NAME)";
				SWIFT_EMIT_LOC_STRINGS = YES;
				SWIFT_VERSION = 5.0;
				TARGETED_DEVICE_FAMILY = "1,2";
			};
			name = Release;
		};
/* End XCBuildConfiguration section */

/* Begin XCConfigurationList section */
		C05791C52C8781E800BBB870 /* Build configuration list for PBXProject "StarWarsCompleteProject" */ = {
			isa = XCConfigurationList;
			buildConfigurations = (
				C05791DC2C8781EA00BBB870 /* Debug */,
				C05791DD2C8781EA00BBB870 /* Release */,
			);
			defaultConfigurationIsVisible = 0;
			defaultConfigurationName = Release;
		};
		C05791DE2C8781EA00BBB870 /* Build configuration list for PBXNativeTarget "StarWarsCompleteProject" */ = {
			isa = XCConfigurationList;
			buildConfigurations = (
				C05791DF2C8781EA00BBB870 /* Debug */,
				C05791E02C8781EA00BBB870 /* Release */,
			);
			defaultConfigurationIsVisible = 0;
			defaultConfigurationName = Release;
		};
/* End XCConfigurationList section */
	};
	rootObject = C05791C22C8781E800BBB870 /* Project object */;
}
